{
  "name": "SupplyChainManagement",
  "lockfileVersion": 3,
  "requires": true,
  "packages": {
    "": {
      "dependencies": {
        "keen-slider": "^6.8.5"
      }
    },
    "node_modules/keen-slider": {
      "version": "6.8.5",
      "resolved": "https://registry.npmjs.org/keen-slider/-/keen-slider-6.8.5.tgz",
      "integrity": "sha512-9yoosfffgTCrkmbX8kCUMWsn9KDgPSkxBof5/0yXde001D1xao7i9ppfxQCCK0MLnoCa+Rdssby0jFbTTUM4rw=="
    }
  }
}
